{
    "_readme": [
        "This file locks the dependencies of your project to a known state",
        "Read more about it at http://getcomposer.org/doc/01-basic-usage.md#composer-lock-the-lock-file"
    ],
    "hash": "097fd67bb2f1085041b9e9cfcb71032c",
    "packages": [
        {
            "name": "psr/log",
            "version": "1.0.0",
            "source": {
                "type": "git",
                "url": "https://github.com/php-fig/log.git",
                "reference": "fe0936ee26643249e916849d48e3a51d5f5e278b"
            },
            "dist": {
                "type": "zip",
                "url": "https://api.github.com/repos/php-fig/log/zipball/fe0936ee26643249e916849d48e3a51d5f5e278b",
                "reference": "fe0936ee26643249e916849d48e3a51d5f5e278b",
                "shasum": ""
            },
            "type": "library",
            "autoload": {
                "psr-0": {
                    "Psr\\Log\\": ""
                }
            },
            "notification-url": "https://packagist.org/downloads/",
            "license": [
                "MIT"
            ],
            "authors": [
                {
                    "name": "PHP-FIG",
                    "homepage": "http://www.php-fig.org/"
                }
            ],
            "description": "Common interface for logging libraries",
            "keywords": [
                "log",
                "psr",
                "psr-3"
            ],
            "time": "2012-12-21 11:40:51"
        },
        {
            "name": "swarrot/swarrot",
            "version": "dev-master",
            "source": {
                "type": "git",
                "url": "https://github.com/swarrot/swarrot.git",
                "reference": "da5ace48b6ca11b0fcaeba69bb084e3aac7845e5"
            },
            "dist": {
                "type": "zip",
                "url": "https://api.github.com/repos/swarrot/swarrot/zipball/da5ace48b6ca11b0fcaeba69bb084e3aac7845e5",
                "reference": "da5ace48b6ca11b0fcaeba69bb084e3aac7845e5",
                "shasum": ""
            },
            "require": {
                "php": ">=5.3.3",
                "symfony/options-resolver": "~2.4"
            },
            "require-dev": {
                "phpspec/phpspec": "2.0.*@dev"
            },
            "type": "library",
            "extra": {
                "branch-alias": {
                    "dev-master": "1.0.x-dev"
                }
            },
            "autoload": {
                "psr-0": {
                    "Swarrot": "src"
                }
            },
            "notification-url": "https://packagist.org/downloads/",
            "license": [
                "MIT"
            ],
            "authors": [
                {
                    "name": "Olivier Dolbeau",
                    "homepage": "http://odolbeau.fr/"
                }
            ],
            "description": "A simple lib to consume RabbitMQ queues",
            "keywords": [
                "swarrot",
                "worker"
            ],
            "time": "2014-02-24 23:10:35"
        },
        {
            "name": "symfony/options-resolver",
            "version": "v2.4.2",
            "target-dir": "Symfony/Component/OptionsResolver",
            "source": {
                "type": "git",
                "url": "https://github.com/symfony/OptionsResolver.git",
                "reference": "723ec89b49960211ccf2ab46b77185f2616169c3"
            },
            "dist": {
                "type": "zip",
                "url": "https://api.github.com/repos/symfony/OptionsResolver/zipball/723ec89b49960211ccf2ab46b77185f2616169c3",
                "reference": "723ec89b49960211ccf2ab46b77185f2616169c3",
                "shasum": ""
            },
            "require": {
                "php": ">=5.3.3"
            },
            "type": "library",
            "extra": {
                "branch-alias": {
                    "dev-master": "2.4-dev"
                }
            },
            "autoload": {
                "psr-0": {
                    "Symfony\\Component\\OptionsResolver\\": ""
                }
            },
            "notification-url": "https://packagist.org/downloads/",
            "license": [
                "MIT"
            ],
            "authors": [
                {
                    "name": "Fabien Potencier",
                    "email": "fabien@symfony.com",
                    "homepage": "http://fabien.potencier.org",
                    "role": "Lead Developer"
                },
                {
                    "name": "Symfony Community",
                    "homepage": "http://symfony.com/contributors"
                }
            ],
            "description": "Symfony OptionsResolver Component",
            "homepage": "http://symfony.com",
            "keywords": [
                "config",
                "configuration",
                "options"
            ],
            "time": "2014-01-07 13:28:54"
        }
    ],
    "packages-dev": [
        {
            "name": "phpspec/php-diff",
            "version": "v1.0.2",
            "source": {
                "type": "git",
                "url": "https://github.com/phpspec/php-diff.git",
                "reference": "30e103d19519fe678ae64a60d77884ef3d71b28a"
            },
            "dist": {
                "type": "zip",
                "url": "https://api.github.com/repos/phpspec/php-diff/zipball/30e103d19519fe678ae64a60d77884ef3d71b28a",
                "reference": "30e103d19519fe678ae64a60d77884ef3d71b28a",
                "shasum": ""
            },
            "type": "library",
            "autoload": {
                "psr-0": {
                    "Diff": "lib/"
                }
            },
            "notification-url": "https://packagist.org/downloads/",
            "license": [
                "BSD-3-Clause"
            ],
            "authors": [
                {
                    "name": "Chris Boulton",
                    "homepage": "http://github.com/chrisboulton"
                }
            ],
            "description": "A comprehensive library for generating differences between two hashable objects (strings or arrays).",
            "time": "2013-11-01 13:02:21"
        },
        {
            "name": "phpspec/phpspec",
            "version": "dev-master",
            "source": {
                "type": "git",
                "url": "https://github.com/phpspec/phpspec.git",
                "reference": "c41c96dcadf2bcaacaa342a84e794254c5bb763a"
            },
            "dist": {
                "type": "zip",
                "url": "https://api.github.com/repos/phpspec/phpspec/zipball/c41c96dcadf2bcaacaa342a84e794254c5bb763a",
                "reference": "c41c96dcadf2bcaacaa342a84e794254c5bb763a",
                "shasum": ""
            },
            "require": {
                "php": ">=5.3.3",
                "phpspec/php-diff": "~1.0.0",
                "phpspec/prophecy": "~1.1",
                "symfony/console": "~2.1",
                "symfony/event-dispatcher": "~2.1",
                "symfony/finder": "~2.1",
                "symfony/yaml": "~2.1"
            },
            "require-dev": {
                "behat/behat": "~2.5",
                "bossa/phpspec2-expect": "dev-master"
            },
            "suggest": {
                "phpspec/nyan-formatters": "~1.0 – Adds Nyan formatters"
            },
            "bin": [
                "bin/phpspec"
            ],
            "type": "library",
            "extra": {
                "branch-alias": {
                    "dev-master": "2.0.x-dev"
                }
            },
            "autoload": {
                "psr-0": {
                    "PhpSpec": "src/"
                }
            },
            "notification-url": "https://packagist.org/downloads/",
            "license": [
                "MIT"
            ],
            "authors": [
                {
                    "name": "Konstantin Kudryashov",
                    "email": "ever.zet@gmail.com",
                    "homepage": "http://everzet.com"
                },
                {
                    "name": "Marcello Duarte",
                    "homepage": "http://marcelloduarte.net/"
                }
            ],
            "description": "Specification-oriented BDD framework for PHP 5.3+",
            "homepage": "http://phpspec.net/",
            "keywords": [
                "BDD",
                "SpecBDD",
                "TDD",
                "spec",
                "specification",
                "testing",
                "tests"
            ],
            "time": "2014-02-23 20:29:41"
        },
        {
            "name": "phpspec/prophecy",
            "version": "1.1.2",
            "source": {
                "type": "git",
                "url": "https://github.com/phpspec/prophecy.git",
                "reference": "976a65af02a2a0e17ce6c949f7b43437205628bb"
            },
            "dist": {
                "type": "zip",
                "url": "https://api.github.com/repos/phpspec/prophecy/zipball/976a65af02a2a0e17ce6c949f7b43437205628bb",
                "reference": "976a65af02a2a0e17ce6c949f7b43437205628bb",
                "shasum": ""
            },
            "require-dev": {
                "phpspec/phpspec": "2.0.*"
            },
            "type": "library",
            "extra": {
                "branch-alias": {
                    "dev-master": "1.1.x-dev"
                }
            },
            "autoload": {
                "psr-0": {
                    "Prophecy\\": "src/"
                }
            },
            "notification-url": "https://packagist.org/downloads/",
            "license": [
                "MIT"
            ],
            "authors": [
                {
                    "name": "Konstantin Kudryashov",
                    "email": "ever.zet@gmail.com",
                    "homepage": "http://everzet.com"
                },
                {
                    "name": "Marcello Duarte",
                    "email": "marcello.duarte@gmail.com"
                }
            ],
            "description": "Highly opinionated mocking framework for PHP 5.3+",
            "homepage": "http://phpspec.org",
            "keywords": [
                "Double",
                "Dummy",
                "fake",
                "mock",
                "spy",
                "stub"
            ],
            "time": "2014-01-24 11:03:43"
        },
        {
            "name": "symfony/console",
            "version": "v2.4.2",
            "target-dir": "Symfony/Component/Console",
            "source": {
                "type": "git",
                "url": "https://github.com/symfony/Console.git",
                "reference": "940f217cbc3c8a33e5403e7c595495c4884400fe"
            },
            "dist": {
                "type": "zip",
                "url": "https://api.github.com/repos/symfony/Console/zipball/940f217cbc3c8a33e5403e7c595495c4884400fe",
                "reference": "940f217cbc3c8a33e5403e7c595495c4884400fe",
                "shasum": ""
            },
            "require": {
                "php": ">=5.3.3"
            },
            "require-dev": {
                "symfony/event-dispatcher": "~2.1"
            },
            "suggest": {
                "symfony/event-dispatcher": ""
            },
            "type": "library",
            "extra": {
                "branch-alias": {
                    "dev-master": "2.4-dev"
                }
            },
            "autoload": {
                "psr-0": {
                    "Symfony\\Component\\Console\\": ""
                }
            },
            "notification-url": "https://packagist.org/downloads/",
            "license": [
                "MIT"
            ],
            "authors": [
                {
                    "name": "Fabien Potencier",
                    "email": "fabien@symfony.com",
                    "homepage": "http://fabien.potencier.org",
                    "role": "Lead Developer"
                },
                {
                    "name": "Symfony Community",
                    "homepage": "http://symfony.com/contributors"
                }
            ],
            "description": "Symfony Console Component",
            "homepage": "http://symfony.com",
            "time": "2014-02-11 13:52:09"
        },
        {
            "name": "symfony/event-dispatcher",
            "version": "v2.4.2",
            "target-dir": "Symfony/Component/EventDispatcher",
            "source": {
                "type": "git",
                "url": "https://github.com/symfony/EventDispatcher.git",
                "reference": "4708b8cd41984a5ba29fe7dd40716f7f761ac501"
            },
            "dist": {
                "type": "zip",
                "url": "https://api.github.com/repos/symfony/EventDispatcher/zipball/4708b8cd41984a5ba29fe7dd40716f7f761ac501",
                "reference": "4708b8cd41984a5ba29fe7dd40716f7f761ac501",
                "shasum": ""
            },
            "require": {
                "php": ">=5.3.3"
            },
            "require-dev": {
                "symfony/dependency-injection": "~2.0"
            },
            "suggest": {
                "symfony/dependency-injection": "",
                "symfony/http-kernel": ""
            },
            "type": "library",
            "extra": {
                "branch-alias": {
                    "dev-master": "2.4-dev"
                }
            },
            "autoload": {
                "psr-0": {
                    "Symfony\\Component\\EventDispatcher\\": ""
                }
            },
            "notification-url": "https://packagist.org/downloads/",
            "license": [
                "MIT"
            ],
            "authors": [
                {
                    "name": "Fabien Potencier",
                    "email": "fabien@symfony.com",
                    "homepage": "http://fabien.potencier.org",
                    "role": "Lead Developer"
                },
                {
                    "name": "Symfony Community",
                    "homepage": "http://symfony.com/contributors"
                }
            ],
            "description": "Symfony EventDispatcher Component",
            "homepage": "http://symfony.com",
            "time": "2014-02-11 13:52:09"
        },
        {
            "name": "symfony/finder",
            "version": "v2.4.2",
            "target-dir": "Symfony/Component/Finder",
            "source": {
                "type": "git",
                "url": "https://github.com/symfony/Finder.git",
                "reference": "b6735d1fc16da13c4c7dddfe78366a4a098cf011"
            },
            "dist": {
                "type": "zip",
                "url": "https://api.github.com/repos/symfony/Finder/zipball/b6735d1fc16da13c4c7dddfe78366a4a098cf011",
                "reference": "b6735d1fc16da13c4c7dddfe78366a4a098cf011",
                "shasum": ""
            },
            "require": {
                "php": ">=5.3.3"
            },
            "type": "library",
            "extra": {
                "branch-alias": {
                    "dev-master": "2.4-dev"
                }
            },
            "autoload": {
                "psr-0": {
                    "Symfony\\Component\\Finder\\": ""
                }
            },
            "notification-url": "https://packagist.org/downloads/",
            "license": [
                "MIT"
            ],
            "authors": [
                {
                    "name": "Fabien Potencier",
                    "email": "fabien@symfony.com",
                    "homepage": "http://fabien.potencier.org",
                    "role": "Lead Developer"
                },
                {
                    "name": "Symfony Community",
                    "homepage": "http://symfony.com/contributors"
                }
            ],
            "description": "Symfony Finder Component",
            "homepage": "http://symfony.com",
            "time": "2014-01-07 13:28:54"
        },
        {
            "name": "symfony/yaml",
            "version": "v2.4.2",
            "target-dir": "Symfony/Component/Yaml",
            "source": {
                "type": "git",
                "url": "https://github.com/symfony/Yaml.git",
                "reference": "bb6ddaf8956139d1b8c360b4b713ed0138e876b3"
            },
            "dist": {
                "type": "zip",
                "url": "https://api.github.com/repos/symfony/Yaml/zipball/bb6ddaf8956139d1b8c360b4b713ed0138e876b3",
                "reference": "bb6ddaf8956139d1b8c360b4b713ed0138e876b3",
                "shasum": ""
            },
            "require": {
                "php": ">=5.3.3"
            },
            "type": "library",
            "extra": {
                "branch-alias": {
                    "dev-master": "2.4-dev"
                }
            },
            "autoload": {
                "psr-0": {
                    "Symfony\\Component\\Yaml\\": ""
                }
            },
            "notification-url": "https://packagist.org/downloads/",
            "license": [
                "MIT"
            ],
            "authors": [
                {
                    "name": "Fabien Potencier",
                    "email": "fabien@symfony.com",
                    "homepage": "http://fabien.potencier.org",
                    "role": "Lead Developer"
                },
                {
                    "name": "Symfony Community",
                    "homepage": "http://symfony.com/contributors"
                }
            ],
            "description": "Symfony Yaml Component",
            "homepage": "http://symfony.com",
            "time": "2014-01-07 13:28:54"
        }
    ],
    "aliases": [

    ],
    "minimum-stability": "stable",
    "stability-flags": {
        "swarrot/swarrot": 20,
        "phpspec/phpspec": 20
    },
    "platform": {
        "php": ">=5.3.3"
    },
    "platform-dev": [

    ]
}
