{
    "_readme": [
        "This file locks the dependencies of your project to a known state",
        "Read more about it at https://getcomposer.org/doc/01-basic-usage.md#installing-dependencies",
        "This file is @generated automatically"
    ],
    "content-hash": "441eb73ce4dff408c62ee75307b6f825",
    "packages": [
        {
            "name": "jangregor/phpstan-prophecy",
            "version": "1.0.2",
            "source": {
                "type": "git",
                "url": "https://github.com/Jan0707/phpstan-prophecy.git",
                "reference": "5ee56c7db1d58f0578c82a35e3c1befe840e85a9"
            },
            "dist": {
                "type": "zip",
                "url": "https://api.github.com/repos/Jan0707/phpstan-prophecy/zipball/5ee56c7db1d58f0578c82a35e3c1befe840e85a9",
                "reference": "5ee56c7db1d58f0578c82a35e3c1befe840e85a9",
                "shasum": ""
            },
            "require": {
                "php": "^7.1 || ^8.0",
                "phpstan/phpstan": "^1.0.0"
            },
            "conflict": {
                "phpspec/prophecy": "<1.7.0 || >=2.0.0",
                "phpunit/phpunit": "<6.0.0 || >=12.0.0"
            },
            "require-dev": {
                "ergebnis/composer-normalize": "^2.1.1",
                "ergebnis/license": "^1.0.0",
                "ergebnis/php-cs-fixer-config": "~2.2.0",
                "phpspec/prophecy": "^1.7.0",
                "phpunit/phpunit": "^6.0.0 || ^7.0.0 || ^8.0.0 || ^9.0.0"
            },
            "type": "phpstan-extension",
            "extra": {
                "phpstan": {
                    "includes": [
                        "extension.neon"
                    ]
                }
            },
            "autoload": {
                "psr-4": {
                    "JanGregor\\Prophecy\\": "src/"
                }
            },
            "notification-url": "https://packagist.org/downloads/",
            "license": [
                "MIT"
            ],
            "authors": [
                {
                    "name": "Jan Gregor Emge-Triebel",
                    "email": "jan@jangregor.me"
                }
            ],
            "description": "Provides a phpstan/phpstan extension for phpspec/prophecy",
            "support": {
                "issues": "https://github.com/Jan0707/phpstan-prophecy/issues",
                "source": "https://github.com/Jan0707/phpstan-prophecy/tree/1.0.2"
            },
            "time": "2024-04-03T08:15:54+00:00"
        },
        {
            "name": "phpstan/extension-installer",
            "version": "1.4.1",
            "source": {
                "type": "git",
                "url": "https://github.com/phpstan/extension-installer.git",
                "reference": "f6b87faf9fc7978eab2f7919a8760bc9f58f9203"
            },
            "dist": {
                "type": "zip",
                "url": "https://api.github.com/repos/phpstan/extension-installer/zipball/f6b87faf9fc7978eab2f7919a8760bc9f58f9203",
                "reference": "f6b87faf9fc7978eab2f7919a8760bc9f58f9203",
                "shasum": ""
            },
            "require": {
                "composer-plugin-api": "^2.0",
                "php": "^7.2 || ^8.0",
                "phpstan/phpstan": "^1.9.0"
            },
            "require-dev": {
                "composer/composer": "^2.0",
                "php-parallel-lint/php-parallel-lint": "^1.2.0",
                "phpstan/phpstan-strict-rules": "^0.11 || ^0.12 || ^1.0"
            },
            "type": "composer-plugin",
            "extra": {
                "class": "PHPStan\\ExtensionInstaller\\Plugin"
            },
            "autoload": {
                "psr-4": {
                    "PHPStan\\ExtensionInstaller\\": "src/"
                }
            },
            "notification-url": "https://packagist.org/downloads/",
            "license": [
                "MIT"
            ],
            "description": "Composer plugin for automatic installation of PHPStan extensions",
            "support": {
                "issues": "https://github.com/phpstan/extension-installer/issues",
                "source": "https://github.com/phpstan/extension-installer/tree/1.4.1"
            },
            "time": "2024-06-10T08:20:49+00:00"
        },
        {
            "name": "phpstan/phpstan",
            "version": "1.11.7",
            "source": {
                "type": "git",
                "url": "https://github.com/phpstan/phpstan.git",
                "reference": "52d2bbfdcae7f895915629e4694e9497d0f8e28d"
            },
            "dist": {
                "type": "zip",
                "url": "https://api.github.com/repos/phpstan/phpstan/zipball/52d2bbfdcae7f895915629e4694e9497d0f8e28d",
                "reference": "52d2bbfdcae7f895915629e4694e9497d0f8e28d",
                "shasum": ""
            },
            "require": {
                "php": "^7.2|^8.0"
            },
            "conflict": {
                "phpstan/phpstan-shim": "*"
            },
            "bin": [
                "phpstan",
                "phpstan.phar"
            ],
            "type": "library",
            "autoload": {
                "files": [
                    "bootstrap.php"
                ]
            },
            "notification-url": "https://packagist.org/downloads/",
            "license": [
                "MIT"
            ],
            "description": "PHPStan - PHP Static Analysis Tool",
            "keywords": [
                "dev",
                "static analysis"
            ],
            "support": {
                "docs": "https://phpstan.org/user-guide/getting-started",
                "forum": "https://github.com/phpstan/phpstan/discussions",
                "issues": "https://github.com/phpstan/phpstan/issues",
                "security": "https://github.com/phpstan/phpstan/security/policy",
                "source": "https://github.com/phpstan/phpstan-src"
            },
            "funding": [
                {
                    "url": "https://github.com/ondrejmirtes",
                    "type": "github"
                },
                {
                    "url": "https://github.com/phpstan",
                    "type": "github"
                }
            ],
            "time": "2024-07-06T11:17:41+00:00"
        },
        {
            "name": "phpstan/phpstan-deprecation-rules",
            "version": "1.2.0",
            "source": {
                "type": "git",
                "url": "https://github.com/phpstan/phpstan-deprecation-rules.git",
                "reference": "fa8cce7720fa782899a0aa97b6a41225d1bb7b26"
            },
            "dist": {
                "type": "zip",
                "url": "https://api.github.com/repos/phpstan/phpstan-deprecation-rules/zipball/fa8cce7720fa782899a0aa97b6a41225d1bb7b26",
                "reference": "fa8cce7720fa782899a0aa97b6a41225d1bb7b26",
                "shasum": ""
            },
            "require": {
                "php": "^7.2 || ^8.0",
                "phpstan/phpstan": "^1.11"
            },
            "require-dev": {
                "php-parallel-lint/php-parallel-lint": "^1.2",
                "phpstan/phpstan-phpunit": "^1.0",
                "phpunit/phpunit": "^9.5"
            },
            "type": "phpstan-extension",
            "extra": {
                "phpstan": {
                    "includes": [
                        "rules.neon"
                    ]
                }
            },
            "autoload": {
                "psr-4": {
                    "PHPStan\\": "src/"
                }
            },
            "notification-url": "https://packagist.org/downloads/",
            "license": [
                "MIT"
            ],
            "description": "PHPStan rules for detecting usage of deprecated classes, methods, properties, constants and traits.",
            "support": {
                "issues": "https://github.com/phpstan/phpstan-deprecation-rules/issues",
                "source": "https://github.com/phpstan/phpstan-deprecation-rules/tree/1.2.0"
            },
            "time": "2024-04-20T06:39:48+00:00"
        },
        {
            "name": "phpstan/phpstan-doctrine",
            "version": "1.4.7",
            "source": {
                "type": "git",
                "url": "https://github.com/phpstan/phpstan-doctrine.git",
                "reference": "3f2cb3d364851e54080277499a9a7c150364538d"
            },
            "dist": {
                "type": "zip",
                "url": "https://api.github.com/repos/phpstan/phpstan-doctrine/zipball/3f2cb3d364851e54080277499a9a7c150364538d",
                "reference": "3f2cb3d364851e54080277499a9a7c150364538d",
                "shasum": ""
            },
            "require": {
                "php": "^7.2 || ^8.0",
                "phpstan/phpstan": "^1.11"
            },
            "conflict": {
                "doctrine/collections": "<1.0",
                "doctrine/common": "<2.7",
                "doctrine/mongodb-odm": "<1.2",
                "doctrine/orm": "<2.5",
                "doctrine/persistence": "<1.3"
            },
            "require-dev": {
                "cache/array-adapter": "^1.1",
                "composer/semver": "^3.3.2",
                "cweagans/composer-patches": "^1.7.3",
                "doctrine/annotations": "^1.11 || ^2.0",
                "doctrine/collections": "^1.6 || ^2.1",
                "doctrine/common": "^2.7 || ^3.0",
                "doctrine/dbal": "^2.13.8 || ^3.3.3",
                "doctrine/lexer": "^2.0 || ^3.0",
                "doctrine/mongodb-odm": "^1.3 || ^2.4.3",
                "doctrine/orm": "^2.16.0",
                "doctrine/persistence": "^2.2.1 || ^3.2",
                "gedmo/doctrine-extensions": "^3.8",
                "nesbot/carbon": "^2.49",
                "nikic/php-parser": "^4.13.2",
                "php-parallel-lint/php-parallel-lint": "^1.2",
                "phpstan/phpstan-phpunit": "^1.3.13",
                "phpstan/phpstan-strict-rules": "^1.5.1",
                "phpunit/phpunit": "^9.6.16",
                "ramsey/uuid": "^4.2",
                "symfony/cache": "^5.4"
            },
            "type": "phpstan-extension",
            "extra": {
                "phpstan": {
                    "includes": [
                        "extension.neon",
                        "rules.neon"
                    ]
                }
            },
            "autoload": {
                "psr-4": {
                    "PHPStan\\": "src/"
                }
            },
            "notification-url": "https://packagist.org/downloads/",
            "license": [
                "MIT"
            ],
            "description": "Doctrine extensions for PHPStan",
            "support": {
                "issues": "https://github.com/phpstan/phpstan-doctrine/issues",
                "source": "https://github.com/phpstan/phpstan-doctrine/tree/1.4.7"
            },
            "time": "2024-07-12T20:28:45+00:00"
        },
        {
            "name": "phpstan/phpstan-phpunit",
            "version": "1.4.0",
            "source": {
                "type": "git",
                "url": "https://github.com/phpstan/phpstan-phpunit.git",
                "reference": "f3ea021866f4263f07ca3636bf22c64be9610c11"
            },
            "dist": {
                "type": "zip",
                "url": "https://api.github.com/repos/phpstan/phpstan-phpunit/zipball/f3ea021866f4263f07ca3636bf22c64be9610c11",
                "reference": "f3ea021866f4263f07ca3636bf22c64be9610c11",
                "shasum": ""
            },
            "require": {
                "php": "^7.2 || ^8.0",
                "phpstan/phpstan": "^1.11"
            },
            "conflict": {
                "phpunit/phpunit": "<7.0"
            },
            "require-dev": {
                "nikic/php-parser": "^4.13.0",
                "php-parallel-lint/php-parallel-lint": "^1.2",
                "phpstan/phpstan-strict-rules": "^1.5.1",
                "phpunit/phpunit": "^9.5"
            },
            "type": "phpstan-extension",
            "extra": {
                "phpstan": {
                    "includes": [
                        "extension.neon",
                        "rules.neon"
                    ]
                }
            },
            "autoload": {
                "psr-4": {
                    "PHPStan\\": "src/"
                }
            },
            "notification-url": "https://packagist.org/downloads/",
            "license": [
                "MIT"
            ],
            "description": "PHPUnit extensions and rules for PHPStan",
            "support": {
                "issues": "https://github.com/phpstan/phpstan-phpunit/issues",
                "source": "https://github.com/phpstan/phpstan-phpunit/tree/1.4.0"
            },
            "time": "2024-04-20T06:39:00+00:00"
        },
        {
            "name": "phpstan/phpstan-symfony",
            "version": "1.4.5",
            "source": {
                "type": "git",
                "url": "https://github.com/phpstan/phpstan-symfony.git",
                "reference": "1bd7c339f622dfb5a1a97dcaf1a862734eabfa1d"
            },
            "dist": {
                "type": "zip",
                "url": "https://api.github.com/repos/phpstan/phpstan-symfony/zipball/1bd7c339f622dfb5a1a97dcaf1a862734eabfa1d",
                "reference": "1bd7c339f622dfb5a1a97dcaf1a862734eabfa1d",
                "shasum": ""
            },
            "require": {
                "ext-simplexml": "*",
                "php": "^7.2 || ^8.0",
                "phpstan/phpstan": "^1.11"
            },
            "conflict": {
                "symfony/framework-bundle": "<3.0"
            },
            "require-dev": {
                "nikic/php-parser": "^4.13.0",
                "php-parallel-lint/php-parallel-lint": "^1.2",
                "phpstan/phpstan-phpunit": "^1.3.11",
                "phpstan/phpstan-strict-rules": "^1.5.1",
                "phpunit/phpunit": "^8.5.29 || ^9.5",
                "psr/container": "1.0 || 1.1.1",
                "symfony/config": "^5.4 || ^6.1",
                "symfony/console": "^5.4 || ^6.1",
                "symfony/dependency-injection": "^5.4 || ^6.1",
                "symfony/form": "^5.4 || ^6.1",
                "symfony/framework-bundle": "^5.4 || ^6.1",
                "symfony/http-foundation": "^5.4 || ^6.1",
                "symfony/messenger": "^5.4",
                "symfony/polyfill-php80": "^1.24",
                "symfony/serializer": "^5.4",
                "symfony/service-contracts": "^2.2.0"
            },
            "type": "phpstan-extension",
            "extra": {
                "phpstan": {
                    "includes": [
                        "extension.neon",
                        "rules.neon"
                    ]
                }
            },
            "autoload": {
                "psr-4": {
                    "PHPStan\\": "src/"
                }
            },
            "notification-url": "https://packagist.org/downloads/",
            "license": [
                "MIT"
            ],
            "authors": [
                {
                    "name": "Lukáš Unger",
                    "email": "looky.msc@gmail.com",
                    "homepage": "https://lookyman.net"
                }
            ],
            "description": "Symfony Framework extensions and rules for PHPStan",
            "support": {
                "issues": "https://github.com/phpstan/phpstan-symfony/issues",
                "source": "https://github.com/phpstan/phpstan-symfony/tree/1.4.5"
            },
            "time": "2024-06-26T12:19:42+00:00"
        }
    ],
    "packages-dev": [],
    "aliases": [],
    "minimum-stability": "stable",
    "stability-flags": [],
    "prefer-stable": false,
    "prefer-lowest": false,
    "platform": [],
    "platform-dev": [],
    "plugin-api-version": "2.6.0"
}
